// !$*UTF8*$!
{
	archiveVersion = 1;
	classes = {
	};
	objectVersion = 50;
	objects = {

/* Begin PBXBuildFile section */
		2866D0862226862600A69E83 /* AppDelegate.m in Sources */ = {isa = PBXBuildFile; fileRef = 2866D0852226862600A69E83 /* AppDelegate.m */; };
		2866D0892226862600A69E83 /* ViewController.m in Sources */ = {isa = PBXBuildFile; fileRef = 2866D0882226862600A69E83 /* ViewController.m */; };
		2866D08C2226862600A69E83 /* Main.storyboard in Resources */ = {isa = PBXBuildFile; fileRef = 2866D08A2226862600A69E83 /* Main.storyboard */; };
		2866D08E2226862900A69E83 /* Assets.xcassets in Resources */ = {isa = PBXBuildFile; fileRef = 2866D08D2226862900A69E83 /* Assets.xcassets */; };
		2866D0912226862900A69E83 /* LaunchScreen.storyboard in Resources */ = {isa = PBXBuildFile; fileRef = 2866D08F2226862900A69E83 /* LaunchScreen.storyboard */; };
		2866D0942226862900A69E83 /* main.m in Sources */ = {isa = PBXBuildFile; fileRef = 2866D0932226862900A69E83 /* main.m */; };
		2866D09E2226862900A69E83 /* TestTableViewTests.m in Sources */ = {isa = PBXBuildFile; fileRef = 2866D09D2226862900A69E83 /* TestTableViewTests.m */; };
		2866D0A92226862900A69E83 /* TestTableViewUITests.m in Sources */ = {isa = PBXBuildFile; fileRef = 2866D0A82226862900A69E83 /* TestTableViewUITests.m */; };
/* End PBXBuildFile section */

/* Begin PBXContainerItemProxy section */
		2866D09A2226862900A69E83 /* PBXContainerItemProxy */ = {
			isa = PBXContainerItemProxy;
			containerPortal = 2866D0792226862600A69E83 /* Project object */;
			proxyType = 1;
			remoteGlobalIDString = 2866D0802226862600A69E83;
			remoteInfo = TestTableView;
		};
		2866D0A52226862900A69E83 /* PBXContainerItemProxy */ = {
			isa = PBXContainerItemProxy;
			containerPortal = 2866D0792226862600A69E83 /* Project object */;
			proxyType = 1;
			remoteGlobalIDString = 2866D0802226862600A69E83;
			remoteInfo = TestTableView;
		};
/* End PBXContainerItemProxy section */

/* Begin PBXFileReference section */
		2866D0812226862600A69E83 /* TestTableView.app */ = {isa = PBXFileReference; explicitFileType = wrapper.application; includeInIndex = 0; path = TestTableView.app; sourceTree = BUILT_PRODUCTS_DIR; };
		2866D0842226862600A69E83 /* AppDelegate.h */ = {isa = PBXFileReference; lastKnownFileType = sourcecode.c.h; path = AppDelegate.h; sourceTree = "<group>"; };
		2866D0852226862600A69E83 /* AppDelegate.m */ = {isa = PBXFileReference; lastKnownFileType = sourcecode.c.objc; path = AppDelegate.m; sourceTree = "<group>"; };
		2866D0872226862600A69E83 /* ViewController.h */ = {isa = PBXFileReference; lastKnownFileType = sourcecode.c.h; path = ViewController.h; sourceTree = "<group>"; };
		2866D0882226862600A69E83 /* ViewController.m */ = {isa = PBXFileReference; lastKnownFileType = sourcecode.c.objc; path = ViewController.m; sourceTree = "<group>"; };
		2866D08B2226862600A69E83 /* Base */ = {isa = PBXFileReference; lastKnownFileType = file.storyboard; name = Base; path = Base.lproj/Main.storyboard; sourceTree = "<group>"; };
		2866D08D2226862900A69E83 /* Assets.xcassets */ = {isa = PBXFileReference; lastKnownFileType = folder.assetcatalog; path = Assets.xcassets; sourceTree = "<group>"; };
		2866D0902226862900A69E83 /* Base */ = {isa = PBXFileReference; lastKnownFileType = file.storyboard; name = Base; path = Base.lproj/LaunchScreen.storyboard; sourceTree = "<group>"; };
		2866D0922226862900A69E83 /* Info.plist */ = {isa = PBXFileReference; lastKnownFileType = text.plist.xml; path = Info.plist; sourceTree = "<group>"; };
		2866D0932226862900A69E83 /* main.m */ = {isa = PBXFileReference; lastKnownFileType = sourcecode.c.objc; path = main.m; sourceTree = "<group>"; };
		2866D0992226862900A69E83 /* TestTableViewTests.xctest */ = {isa = PBXFileReference; explicitFileType = wrapper.cfbundle; includeInIndex = 0; path = TestTableViewTests.xctest; sourceTree = BUILT_PRODUCTS_DIR; };
		2866D09D2226862900A69E83 /* TestTableViewTests.m */ = {isa = PBXFileReference; lastKnownFileType = sourcecode.c.objc; path = TestTableViewTests.m; sourceTree = "<group>"; };
		2866D09F2226862900A69E83 /* Info.plist */ = {isa = PBXFileReference; lastKnownFileType = text.plist.xml; path = Info.plist; sourceTree = "<group>"; };
		2866D0A42226862900A69E83 /* TestTableViewUITests.xctest */ = {isa = PBXFileReference; explicitFileType = wrapper.cfbundle; includeInIndex = 0; path = TestTableViewUITests.xctest; sourceTree = BUILT_PRODUCTS_DIR; };
		2866D0A82226862900A69E83 /* TestTableViewUITests.m */ = {isa = PBXFileReference; lastKnownFileType = sourcecode.c.objc; path = TestTableViewUITests.m; sourceTree = "<group>"; };
		2866D0AA2226862900A69E83 /* Info.plist */ = {isa = PBXFileReference; lastKnownFileType = text.plist.xml; path = Info.plist; sourceTree = "<group>"; };
/* End PBXFileReference section */

/* Begin PBXFrameworksBuildPhase section */
		2866D07E2226862600A69E83 /* Frameworks */ = {
			isa = PBXFrameworksBuildPhase;
			buildActionMask = 2147483647;
			files = (
			);
			runOnlyForDeploymentPostprocessing = 0;
		};
		2866D0962226862900A69E83 /* Frameworks */ = {
			isa = PBXFrameworksBuildPhase;
			buildActionMask = 2147483647;
			files = (
			);
			runOnlyForDeploymentPostprocessing = 0;
		};
		2866D0A12226862900A69E83 /* Frameworks */ = {
			isa = PBXFrameworksBuildPhase;
			buildActionMask = 2147483647;
			files = (
			);
			runOnlyForDeploymentPostprocessing = 0;
		};
/* End PBXFrameworksBuildPhase section */

/* Begin PBXGroup section */
		2866D0782226862600A69E83 = {
			isa = PBXGroup;
			children = (
				2866D0832226862600A69E83 /* TestTableView */,
				2866D09C2226862900A69E83 /* TestTableViewTests */,
				2866D0A72226862900A69E83 /* TestTableViewUITests */,
				2866D0822226862600A69E83 /* Products */,
			);
			sourceTree = "<group>";
		};
		2866D0822226862600A69E83 /* Products */ = {
			isa = PBXGroup;
			children = (
				2866D0812226862600A69E83 /* TestTableView.app */,
				2866D0992226862900A69E83 /* TestTableViewTests.xctest */,
				2866D0A42226862900A69E83 /* TestTableViewUITests.xctest */,
			);
			name = Products;
			sourceTree = "<group>";
		};
		2866D0832226862600A69E83 /* TestTableView */ = {
			isa = PBXGroup;
			children = (
				2866D0842226862600A69E83 /* AppDelegate.h */,
				2866D0852226862600A69E83 /* AppDelegate.m */,
				2866D0872226862600A69E83 /* ViewController.h */,
				2866D0882226862600A69E83 /* ViewController.m */,
				2866D08A2226862600A69E83 /* Main.storyboard */,
				2866D08D2226862900A69E83 /* Assets.xcassets */,
				2866D08F2226862900A69E83 /* LaunchScreen.storyboard */,
				2866D0922226862900A69E83 /* Info.plist */,
				2866D0932226862900A69E83 /* main.m */,
			);
			path = TestTableView;
			sourceTree = "<group>";
		};
		2866D09C2226862900A69E83 /* TestTableViewTests */ = {
			isa = PBXGroup;
			children = (
				2866D09D2226862900A69E83 /* TestTableViewTests.m */,
				2866D09F2226862900A69E83 /* Info.plist */,
			);
			path = TestTableViewTests;
			sourceTree = "<group>";
		};
		2866D0A72226862900A69E83 /* TestTableViewUITests */ = {
			isa = PBXGroup;
			children = (
				2866D0A82226862900A69E83 /* TestTableViewUITests.m */,
				2866D0AA2226862900A69E83 /* Info.plist */,
			);
			path = TestTableViewUITests;
			sourceTree = "<group>";
		};
/* End PBXGroup section */

/* Begin PBXNativeTarget section */
		2866D0802226862600A69E83 /* TestTableView */ = {
			isa = PBXNativeTarget;
			buildConfigurationList = 2866D0AD2226862900A69E83 /* Build configuration list for PBXNativeTarget "TestTableView" */;
			buildPhases = (
				2866D07D2226862600A69E83 /* Sources */,
				2866D07E2226862600A69E83 /* Frameworks */,
				2866D07F2226862600A69E83 /* Resources */,
			);
			buildRules = (
			);
			dependencies = (
			);
			name = TestTableView;
			productName = TestTableView;
			productReference = 2866D0812226862600A69E83 /* TestTableView.app */;
			productType = "com.apple.product-type.application";
		};
		2866D0982226862900A69E83 /* TestTableViewTests */ = {
			isa = PBXNativeTarget;
			buildConfigurationList = 2866D0B02226862900A69E83 /* Build configuration list for PBXNativeTarget "TestTableViewTests" */;
			buildPhases = (
				2866D0952226862900A69E83 /* Sources */,
				2866D0962226862900A69E83 /* Frameworks */,
				2866D0972226862900A69E83 /* Resources */,
			);
			buildRules = (
			);
			dependencies = (
				2866D09B2226862900A69E83 /* PBXTargetDependency */,
			);
			name = TestTableViewTests;
			productName = TestTableViewTests;
			productReference = 2866D0992226862900A69E83 /* TestTableViewTests.xctest */;
			productType = "com.apple.product-type.bundle.unit-test";
		};
		2866D0A32226862900A69E83 /* TestTableViewUITests */ = {
			isa = PBXNativeTarget;
			buildConfigurationList = 2866D0B32226862900A69E83 /* Build configuration list for PBXNativeTarget "TestTableViewUITests" */;
			buildPhases = (
				2866D0A02226862900A69E83 /* Sources */,
				2866D0A12226862900A69E83 /* Frameworks */,
				2866D0A22226862900A69E83 /* Resources */,
			);
			buildRules = (
			);
			dependencies = (
				2866D0A62226862900A69E83 /* PBXTargetDependency */,
			);
			name = TestTableViewUITests;
			productName = TestTableViewUITests;
			productReference = 2866D0A42226862900A69E83 /* TestTableViewUITests.xctest */;
			productType = "com.apple.product-type.bundle.ui-testing";
		};
/* End PBXNativeTarget section */

/* Begin PBXProject section */
		2866D0792226862600A69E83 /* Project object */ = {
			isa = PBXProject;
			attributes = {
				LastUpgradeCheck = 1010;
				ORGANIZATIONNAME = "JiangNanBuYi-1012665604@qq.com";
				TargetAttributes = {
					2866D0802226862600A69E83 = {
						CreatedOnToolsVersion = 10.1;
					};
					2866D0982226862900A69E83 = {
						CreatedOnToolsVersion = 10.1;
						TestTargetID = 2866D0802226862600A69E83;
					};
					2866D0A32226862900A69E83 = {
						CreatedOnToolsVersion = 10.1;
						TestTargetID = 2866D0802226862600A69E83;
					};
				};
			};
			buildConfigurationList = 2866D07C2226862600A69E83 /* Build configuration list for PBXProject "TestTableView" */;
			compatibilityVersion = "Xcode 9.3";
			developmentRegion = en;
			hasScannedForEncodings = 0;
			knownRegions = (
				en,
				Base,
			);
			mainGroup = 2866D0782226862600A69E83;
			productRefGroup = 2866D0822226862600A69E83 /* Products */;
			projectDirPath = "";
			projectRoot = "";
			targets = (
				2866D0802226862600A69E83 /* TestTableView */,
				2866D0982226862900A69E83 /* TestTableViewTests */,
				2866D0A32226862900A69E83 /* TestTableViewUITests */,
			);
		};
/* End PBXProject section */

/* Begin PBXResourcesBuildPhase section */
		2866D07F2226862600A69E83 /* Resources */ = {
			isa = PBXResourcesBuildPhase;
			buildActionMask = 2147483647;
			files = (
				2866D0912226862900A69E83 /* LaunchScreen.storyboard in Resources */,
				2866D08E2226862900A69E83 /* Assets.xcassets in Resources */,
				2866D08C2226862600A69E83 /* Main.storyboard in Resources */,
			);
			runOnlyForDeploymentPostprocessing = 0;
		};
		2866D0972226862900A69E83 /* Resources */ = {
			isa = PBXResourcesBuildPhase;
			buildActionMask = 2147483647;
			files = (
			);
			runOnlyForDeploymentPostprocessing = 0;
		};
		2866D0A22226862900A69E83 /* Resources */ = {
			isa = PBXResourcesBuildPhase;
			buildActionMask = 2147483647;
			files = (
			);
			runOnlyForDeploymentPostprocessing = 0;
		};
/* End PBXResourcesBuildPhase section */

/* Begin PBXSourcesBuildPhase section */
		2866D07D2226862600A69E83 /* Sources */ = {
			isa = PBXSourcesBuildPhase;
			buildActionMask = 2147483647;
			files = (
				2866D0892226862600A69E83 /* ViewController.m in Sources */,
				2866D0942226862900A69E83 /* main.m in Sources */,
				2866D0862226862600A69E83 /* AppDelegate.m in Sources */,
			);
			runOnlyForDeploymentPostprocessing = 0;
		};
		2866D0952226862900A69E83 /* Sources */ = {
			isa = PBXSourcesBuildPhase;
			buildActionMask = 2147483647;
			files = (
				2866D09E2226862900A69E83 /* TestTableViewTests.m in Sources */,
			);
			runOnlyForDeploymentPostprocessing = 0;
		};
		2866D0A02226862900A69E83 /* Sources */ = {
			isa = PBXSourcesBuildPhase;
			buildActionMask = 2147483647;
			files = (
				2866D0A92226862900A69E83 /* TestTableViewUITests.m in Sources */,
			);
			runOnlyForDeploymentPostprocessing = 0;
		};
/* End PBXSourcesBuildPhase section */

/* Begin PBXTargetDependency section */
		2866D09B2226862900A69E83 /* PBXTargetDependency */ = {
			isa = PBXTargetDependency;
			target = 2866D0802226862600A69E83 /* TestTableView */;
			targetProxy = 2866D09A2226862900A69E83 /* PBXContainerItemProxy */;
		};
		2866D0A62226862900A69E83 /* PBXTargetDependency */ = {
			isa = PBXTargetDependency;
			target = 2866D0802226862600A69E83 /* TestTableView */;
			targetProxy = 2866D0A52226862900A69E83 /* PBXContainerItemProxy */;
		};
/* End PBXTargetDependency section */

/* Begin PBXVariantGroup section */
		2866D08A2226862600A69E83 /* Main.storyboard */ = {
			isa = PBXVariantGroup;
			children = (
				2866D08B2226862600A69E83 /* Base */,
			);
			name = Main.storyboard;
			sourceTree = "<group>";
		};
		2866D08F2226862900A69E83 /* LaunchScreen.storyboard */ = {
			isa = PBXVariantGroup;
			children = (
				2866D0902226862900A69E83 /* Base */,
			);
			name = LaunchScreen.storyboard;
			sourceTree = "<group>";
		};
/* End PBXVariantGroup section */

/* Begin XCBuildConfiguration section */
		2866D0AB2226862900A69E83 /* Debug */ = {
			isa = XCBuildConfiguration;
			buildSettings = {
				ALWAYS_SEARCH_USER_PATHS = NO;
				CLANG_ANALYZER_NONNULL = YES;
				CLANG_ANALYZER_NUMBER_OBJECT_CONVERSION = YES_AGGRESSIVE;
				CLANG_CXX_LANGUAGE_STANDARD = "gnu++14";
				CLANG_CXX_LIBRARY = "libc++";
				CLANG_ENABLE_MODULES = YES;
				CLANG_ENABLE_OBJC_ARC = YES;
				CLANG_ENABLE_OBJC_WEAK = YES;
				CLANG_WARN_BLOCK_CAPTURE_AUTORELEASING = YES;
				CLANG_WARN_BOOL_CONVERSION = YES;
				CLANG_WARN_COMMA = YES;
				CLANG_WARN_CONSTANT_CONVERSION = YES;
				CLANG_WARN_DEPRECATED_OBJC_IMPLEMENTATIONS = YES;
				CLANG_WARN_DIRECT_OBJC_ISA_USAGE = YES_ERROR;
				CLANG_WARN_DOCUMENTATION_COMMENTS = YES;
				CLANG_WARN_EMPTY_BODY = YES;
				CLANG_WARN_ENUM_CONVERSION = YES;
				CLANG_WARN_INFINITE_RECURSION = YES;
				CLANG_WARN_INT_CONVERSION = YES;
				CLANG_WARN_NON_LITERAL_NULL_CONVERSION = YES;
				CLANG_WARN_OBJC_IMPLICIT_RETAIN_SELF = YES;
				CLANG_WARN_OBJC_LITERAL_CONVERSION = YES;
				CLANG_WARN_OBJC_ROOT_CLASS = YES_ERROR;
				CLANG_WARN_RANGE_LOOP_ANALYSIS = YES;
				CLANG_WARN_STRICT_PROTOTYPES = YES;
				CLANG_WARN_SUSPICIOUS_MOVE = YES;
				CLANG_WARN_UNGUARDED_AVAILABILITY = YES_AGGRESSIVE;
				CLANG_WARN_UNREACHABLE_CODE = YES;
				CLANG_WARN__DUPLICATE_METHOD_MATCH = YES;
				CODE_SIGN_IDENTITY = "iPhone Developer";
				COPY_PHASE_STRIP = NO;
				DEBUG_INFORMATION_FORMAT = dwarf;
				ENABLE_STRICT_OBJC_MSGSEND = YES;
				ENABLE_TESTABILITY = YES;
				GCC_C_LANGUAGE_STANDARD = gnu11;
				GCC_DYNAMIC_NO_PIC = NO;
				GCC_NO_COMMON_BLOCKS = YES;
				GCC_OPTIMIZATION_LEVEL = 0;
				GCC_PREPROCESSOR_DEFINITIONS = (
					"DEBUG=1",
					"$(inherited)",
				);
				GCC_WARN_64_TO_32_BIT_CONVERSION = YES;
				GCC_WARN_ABOUT_RETURN_TYPE = YES_ERROR;
				GCC_WARN_UNDECLARED_SELECTOR = YES;
				GCC_WARN_UNINITIALIZED_AUTOS = YES_AGGRESSIVE;
				GCC_WARN_UNUSED_FUNCTION = YES;
				GCC_WARN_UNUSED_VARIABLE = YES;
				IPHONEOS_DEPLOYMENT_TARGET = 12.1;
				MTL_ENABLE_DEBUG_INFO = INCLUDE_SOURCE;
				MTL_FAST_MATH = YES;
				ONLY_ACTIVE_ARCH = YES;
				SDKROOT = iphoneos;
			};
			name = Debug;
		};
		2866D0AC2226862900A69E83 /* Release */ = {
			isa = XCBuildConfiguration;
			buildSettings = {
				ALWAYS_SEARCH_USER_PATHS = NO;
				CLANG_ANALYZER_NONNULL = YES;
				CLANG_ANALYZER_NUMBER_OBJECT_CONVERSION = YES_AGGRESSIVE;
				CLANG_CXX_LANGUAGE_STANDARD = "gnu++14";
				CLANG_CXX_LIBRARY = "libc++";
				CLANG_ENABLE_MODULES = YES;
				CLANG_ENABLE_OBJC_ARC = YES;
				CLANG_ENABLE_OBJC_WEAK = YES;
				CLANG_WARN_BLOCK_CAPTURE_AUTORELEASING = YES;
				CLANG_WARN_BOOL_CONVERSION = YES;
				CLANG_WARN_COMMA = YES;
				CLANG_WARN_CONSTANT_CONVERSION = YES;
				CLANG_WARN_DEPRECATED_OBJC_IMPLEMENTATIONS = YES;
				CLANG_WARN_DIRECT_OBJC_ISA_USAGE = YES_ERROR;
				CLANG_WARN_DOCUMENTATION_COMMENTS = YES;
				CLANG_WARN_EMPTY_BODY = YES;
				CLANG_WARN_ENUM_CONVERSION = YES;
				CLANG_WARN_INFINITE_RECURSION = YES;
				CLANG_WARN_INT_CONVERSION = YES;
				CLANG_WARN_NON_LITERAL_NULL_CONVERSION = YES;
				CLANG_WARN_OBJC_IMPLICIT_RETAIN_SELF = YES;
				CLANG_WARN_OBJC_LITERAL_CONVERSION = YES;
				CLANG_WARN_OBJC_ROOT_CLASS = YES_ERROR;
				CLANG_WARN_RANGE_LOOP_ANALYSIS = YES;
				CLANG_WARN_STRICT_PROTOTYPES = YES;
				CLANG_WARN_SUSPICIOUS_MOVE = YES;
				CLANG_WARN_UNGUARDED_AVAILABILITY = YES_AGGRESSIVE;
				CLANG_WARN_UNREACHABLE_CODE = YES;
				CLANG_WARN__DUPLICATE_METHOD_MATCH = YES;
				CODE_SIGN_IDENTITY = "iPhone Developer";
				COPY_PHASE_STRIP = NO;
				DEBUG_INFORMATION_FORMAT = "dwarf-with-dsym";
				ENABLE_NS_ASSERTIONS = NO;
				ENABLE_STRICT_OBJC_MSGSEND = YES;
				GCC_C_LANGUAGE_STANDARD = gnu11;
				GCC_NO_COMMON_BLOCKS = YES;
				GCC_WARN_64_TO_32_BIT_CONVERSION = YES;
				GCC_WARN_ABOUT_RETURN_TYPE = YES_ERROR;
				GCC_WARN_UNDECLARED_SELECTOR = YES;
				GCC_WARN_UNINITIALIZED_AUTOS = YES_AGGRESSIVE;
				GCC_WARN_UNUSED_FUNCTION = YES;
				GCC_WARN_UNUSED_VARIABLE = YES;
				IPHONEOS_DEPLOYMENT_TARGET = 12.1;
				MTL_ENABLE_DEBUG_INFO = NO;
				MTL_FAST_MATH = YES;
				SDKROOT = iphoneos;
				VALIDATE_PRODUCT = YES;
			};
			name = Release;
		};
		2866D0AE2226862900A69E83 /* Debug */ = {
			isa = XCBuildConfiguration;
			buildSettings = {
				ASSETCATALOG_COMPILER_APPICON_NAME = AppIcon;
				CODE_SIGN_STYLE = Automatic;
				DEVELOPMENT_TEAM = SJ3UU378GX;
				INFOPLIST_FILE = TestTableView/Info.plist;
				LD_RUNPATH_SEARCH_PATHS = (
					"$(inherited)",
					"@executable_path/Frameworks",
				);
				PRODUCT_BUNDLE_IDENTIFIER = com.JiangNanBuYi.TestTableView;
				PRODUCT_NAME = "$(TARGET_NAME)";
				TARGETED_DEVICE_FAMILY = "1,2";
			};
			name = Debug;
		};
		2866D0AF2226862900A69E83 /* Release */ = {
			isa = XCBuildConfiguration;
			buildSettings = {
				ASSETCATALOG_COMPILER_APPICON_NAME = AppIcon;
				CODE_SIGN_STYLE = Automatic;
				DEVELOPMENT_TEAM = SJ3UU378GX;
				INFOPLIST_FILE = TestTableView/Info.plist;
				LD_RUNPATH_SEARCH_PATHS = (
					"$(inherited)",
					"@executable_path/Frameworks",
				);
				PRODUCT_BUNDLE_IDENTIFIER = com.JiangNanBuYi.TestTableView;
				PRODUCT_NAME = "$(TARGET_NAME)";
				TARGETED_DEVICE_FAMILY = "1,2";
			};
			name = Release;
		};
		2866D0B12226862900A69E83 /* Debug */ = {
			isa = XCBuildConfiguration;
			buildSettings = {
				BUNDLE_LOADER = "$(TEST_HOST)";
				CODE_SIGN_STYLE = Automatic;
				DEVELOPMENT_TEAM = SJ3UU378GX;
				INFOPLIST_FILE = TestTableViewTests/Info.plist;
				LD_RUNPATH_SEARCH_PATHS = (
					"$(inherited)",
					"@executable_path/Frameworks",
					"@loader_path/Frameworks",
				);
				PRODUCT_BUNDLE_IDENTIFIER = com.JiangNanBuYi.TestTableViewTests;
				PRODUCT_NAME = "$(TARGET_NAME)";
				TARGETED_DEVICE_FAMILY = "1,2";
				TEST_HOST = "$(BUILT_PRODUCTS_DIR)/TestTableView.app/TestTableView";
			};
			name = Debug;
		};
		2866D0B22226862900A69E83 /* Release */ = {
			isa = XCBuildConfiguration;
			buildSettings = {
				BUNDLE_LOADER = "$(TEST_HOST)";
				CODE_SIGN_STYLE = Automatic;
				DEVELOPMENT_TEAM = SJ3UU378GX;
				INFOPLIST_FILE = TestTableViewTests/Info.plist;
				LD_RUNPATH_SEARCH_PATHS = (
					"$(inherited)",
					"@executable_path/Frameworks",
					"@loader_path/Frameworks",
				);
				PRODUCT_BUNDLE_IDENTIFIER = com.JiangNanBuYi.TestTableViewTests;
				PRODUCT_NAME = "$(TARGET_NAME)";
				TARGETED_DEVICE_FAMILY = "1,2";
				TEST_HOST = "$(BUILT_PRODUCTS_DIR)/TestTableView.app/TestTableView";
			};
			name = Release;
		};
		2866D0B42226862900A69E83 /* Debug */ = {
			isa = XCBuildConfiguration;
			buildSettings = {
				CODE_SIGN_STYLE = Automatic;
				DEVELOPMENT_TEAM = SJ3UU378GX;
				INFOPLIST_FILE = TestTableViewUITests/Info.plist;
				LD_RUNPATH_SEARCH_PATHS = (
					"$(inherited)",
					"@executable_path/Frameworks",
					"@loader_path/Frameworks",
				);
				PRODUCT_BUNDLE_IDENTIFIER = com.JiangNanBuYi.TestTableViewUITests;
				PRODUCT_NAME = "$(TARGET_NAME)";
				TARGETED_DEVICE_FAMILY = "1,2";
				TEST_TARGET_NAME = TestTableView;
			};
			name = Debug;
		};
		2866D0B52226862900A69E83 /* Release */ = {
			isa = XCBuildConfiguration;
			buildSettings = {
				CODE_SIGN_STYLE = Automatic;
				DEVELOPMENT_TEAM = SJ3UU378GX;
				INFOPLIST_FILE = TestTableViewUITests/Info.plist;
				LD_RUNPATH_SEARCH_PATHS = (
					"$(inherited)",
					"@executable_path/Frameworks",
					"@loader_path/Frameworks",
				);
				PRODUCT_BUNDLE_IDENTIFIER = com.JiangNanBuYi.TestTableViewUITests;
				PRODUCT_NAME = "$(TARGET_NAME)";
				TARGETED_DEVICE_FAMILY = "1,2";
				TEST_TARGET_NAME = TestTableView;
			};
			name = Release;
		};
/* End XCBuildConfiguration section */

/* Begin XCConfigurationList section */
		2866D07C2226862600A69E83 /* Build configuration list for PBXProject "TestTableView" */ = {
			isa = XCConfigurationList;
			buildConfigurations = (
				2866D0AB2226862900A69E83 /* Debug */,
				2866D0AC2226862900A69E83 /* Release */,
			);
			defaultConfigurationIsVisible = 0;
			defaultConfigurationName = Release;
		};
		2866D0AD2226862900A69E83 /* Build configuration list for PBXNativeTarget "TestTableView" */ = {
			isa = XCConfigurationList;
			buildConfigurations = (
				2866D0AE2226862900A69E83 /* Debug */,
				2866D0AF2226862900A69E83 /* Release */,
			);
			defaultConfigurationIsVisible = 0;
			defaultConfigurationName = Release;
		};
		2866D0B02226862900A69E83 /* Build configuration list for PBXNativeTarget "TestTableViewTests" */ = {
			isa = XCConfigurationList;
			buildConfigurations = (
				2866D0B12226862900A69E83 /* Debug */,
				2866D0B22226862900A69E83 /* Release */,
			);
			defaultConfigurationIsVisible = 0;
			defaultConfigurationName = Release;
		};
		2866D0B32226862900A69E83 /* Build configuration list for PBXNativeTarget "TestTableViewUITests" */ = {
			isa = XCConfigurationList;
			buildConfigurations = (
				2866D0B42226862900A69E83 /* Debug */,
				2866D0B52226862900A69E83 /* Release */,
			);
			defaultConfigurationIsVisible = 0;
			defaultConfigurationName = Release;
		};
/* End XCConfigurationList section */
	};
	rootObject = 2866D0792226862600A69E83 /* Project object */;
}
